
Microsoft Visual Studio Solution File, Format Version 12.00
# Visual Studio Version 17
VisualStudioVersion = 17.7.34031.279
MinimumVisualStudioVersion = 10.0.40219.1
Project("{FAE04EC0-301F-11D3-BF4B-00C04F79EFBC}") = "u21503193_HW02", "u21503193_HW02\u21503193_HW02.csproj", "{14F3D9E4-D7C3-41D2-ABC6-5FA75D95AE3D}"
EndProject
Global
	GlobalSection(SolutionConfigurationPlatforms) = preSolution
		Debug|Any CPU = Debug|Any CPU
		Release|Any CPU = Release|Any CPU
	EndGlobalSection
	GlobalSection(ProjectConfigurationPlatforms) = postSolution
		{14F3D9E4-D7C3-41D2-ABC6-5FA75D95AE3D}.Debug|Any CPU.ActiveCfg = Debug|Any CPU
		{14F3D9E4-D7C3-41D2-ABC6-5FA75D95AE3D}.Debug|Any CPU.Build.0 = Debug|Any CPU
		{14F3D9E4-D7C3-41D2-ABC6-5FA75D95AE3D}.Release|Any CPU.ActiveCfg = Release|Any CPU
		{14F3D9E4-D7C3-41D2-ABC6-5FA75D95AE3D}.Release|Any CPU.Build.0 = Release|Any CPU
	EndGlobalSection
	GlobalSection(SolutionProperties) = preSolution
		HideSolutionNode = FALSE
	EndGlobalSection
	GlobalSection(ExtensibilityGlobals) = postSolution
		SolutionGuid = {B61C18EA-2E97-45BC-AF50-15A480091FA5}
	EndGlobalSection
EndGlobal
